// !$*UTF8*$!
{
	archiveVersion = 1;
	classes = {
	};
	objectVersion = 46;
	objects = {

/* Begin PBXBuildFile section */
		4F1C95C51ED663E00011293F /* main.m in Sources */ = {isa = PBXBuildFile; fileRef = 4F1C95C41ED663E00011293F /* main.m */; };
		4F1C95C81ED663E00011293F /* AppDelegate.m in Sources */ = {isa = PBXBuildFile; fileRef = 4F1C95C71ED663E00011293F /* AppDelegate.m */; };
		4F1C95CE1ED663E00011293F /* Main.storyboard in Resources */ = {isa = PBXBuildFile; fileRef = 4F1C95CC1ED663E00011293F /* Main.storyboard */; };
		4F1C95D11ED663E00011293F /* Remind_App_Test.xcdatamodeld in Sources */ = {isa = PBXBuildFile; fileRef = 4F1C95CF1ED663E00011293F /* Remind_App_Test.xcdatamodeld */; };
		4F1C95D31ED663E00011293F /* Assets.xcassets in Resources */ = {isa = PBXBuildFile; fileRef = 4F1C95D21ED663E00011293F /* Assets.xcassets */; };
		4F1C95D61ED663E00011293F /* LaunchScreen.storyboard in Resources */ = {isa = PBXBuildFile; fileRef = 4F1C95D41ED663E00011293F /* LaunchScreen.storyboard */; };
		4F1C95DF1ED6640A0011293F /* ListViewController.m in Sources */ = {isa = PBXBuildFile; fileRef = 4F1C95DE1ED6640A0011293F /* ListViewController.m */; };
		4F1C95E21ED665A80011293F /* RemindTableViewCell.m in Sources */ = {isa = PBXBuildFile; fileRef = 4F1C95E11ED665A80011293F /* RemindTableViewCell.m */; };
		4F1C95E51ED667A50011293F /* Remind.m in Sources */ = {isa = PBXBuildFile; fileRef = 4F1C95E41ED667A50011293F /* Remind.m */; };
		4F1C95E81ED673AE0011293F /* DetailViewController.m in Sources */ = {isa = PBXBuildFile; fileRef = 4F1C95E71ED673AE0011293F /* DetailViewController.m */; };
		4F20DD6E1EDEB87300C42FFB /* calendar.png in Resources */ = {isa = PBXBuildFile; fileRef = 4F20DD6C1EDEB87300C42FFB /* calendar.png */; };
		4F20DD711EDEC01200C42FFB /* cancel-button.png in Resources */ = {isa = PBXBuildFile; fileRef = 4F20DD6F1EDEC01200C42FFB /* cancel-button.png */; };
		4F20DD721EDEC01200C42FFB /* correct-button.png in Resources */ = {isa = PBXBuildFile; fileRef = 4F20DD701EDEC01200C42FFB /* correct-button.png */; };
		4F2594841EE016E800415736 /* circle.png in Resources */ = {isa = PBXBuildFile; fileRef = 4F2594831EE016E800415736 /* circle.png */; };
		4F2594871EE0331100415736 /* ImageButton.m in Sources */ = {isa = PBXBuildFile; fileRef = 4F2594861EE0331100415736 /* ImageButton.m */; };
		4FD8EB471ED6F6D800945125 /* DateViewController.m in Sources */ = {isa = PBXBuildFile; fileRef = 4FD8EB461ED6F6D800945125 /* DateViewController.m */; };
		EC30AE149524FD9A6568BDAF /* Pods_Remind_App_Test.framework in Frameworks */ = {isa = PBXBuildFile; fileRef = A76159CA3EEC2EB5F9929470 /* Pods_Remind_App_Test.framework */; };
/* End PBXBuildFile section */

/* Begin PBXFileReference section */
		4F1C95C01ED663E00011293F /* Remind_App_Test.app */ = {isa = PBXFileReference; explicitFileType = wrapper.application; includeInIndex = 0; path = Remind_App_Test.app; sourceTree = BUILT_PRODUCTS_DIR; };
		4F1C95C41ED663E00011293F /* main.m */ = {isa = PBXFileReference; lastKnownFileType = sourcecode.c.objc; path = main.m; sourceTree = "<group>"; };
		4F1C95C61ED663E00011293F /* AppDelegate.h */ = {isa = PBXFileReference; lastKnownFileType = sourcecode.c.h; path = AppDelegate.h; sourceTree = "<group>"; };
		4F1C95C71ED663E00011293F /* AppDelegate.m */ = {isa = PBXFileReference; lastKnownFileType = sourcecode.c.objc; path = AppDelegate.m; sourceTree = "<group>"; };
		4F1C95CD1ED663E00011293F /* Base */ = {isa = PBXFileReference; lastKnownFileType = file.storyboard; name = Base; path = Base.lproj/Main.storyboard; sourceTree = "<group>"; };
		4F1C95D01ED663E00011293F /* Remind_App_Test.xcdatamodel */ = {isa = PBXFileReference; lastKnownFileType = wrapper.xcdatamodel; path = Remind_App_Test.xcdatamodel; sourceTree = "<group>"; };
		4F1C95D21ED663E00011293F /* Assets.xcassets */ = {isa = PBXFileReference; lastKnownFileType = folder.assetcatalog; path = Assets.xcassets; sourceTree = "<group>"; };
		4F1C95D51ED663E00011293F /* Base */ = {isa = PBXFileReference; lastKnownFileType = file.storyboard; name = Base; path = Base.lproj/LaunchScreen.storyboard; sourceTree = "<group>"; };
		4F1C95D71ED663E00011293F /* Info.plist */ = {isa = PBXFileReference; lastKnownFileType = text.plist.xml; path = Info.plist; sourceTree = "<group>"; };
		4F1C95DD1ED6640A0011293F /* ListViewController.h */ = {isa = PBXFileReference; fileEncoding = 4; lastKnownFileType = sourcecode.c.h; path = ListViewController.h; sourceTree = "<group>"; };
		4F1C95DE1ED6640A0011293F /* ListViewController.m */ = {isa = PBXFileReference; fileEncoding = 4; lastKnownFileType = sourcecode.c.objc; path = ListViewController.m; sourceTree = "<group>"; };
		4F1C95E01ED665A80011293F /* RemindTableViewCell.h */ = {isa = PBXFileReference; fileEncoding = 4; lastKnownFileType = sourcecode.c.h; name = RemindTableViewCell.h; path = ../RemindTableViewCell.h; sourceTree = "<group>"; };
		4F1C95E11ED665A80011293F /* RemindTableViewCell.m */ = {isa = PBXFileReference; fileEncoding = 4; lastKnownFileType = sourcecode.c.objc; name = RemindTableViewCell.m; path = ../RemindTableViewCell.m; sourceTree = "<group>"; };
		4F1C95E31ED667A50011293F /* Remind.h */ = {isa = PBXFileReference; fileEncoding = 4; lastKnownFileType = sourcecode.c.h; name = Remind.h; path = ../Remind.h; sourceTree = "<group>"; };
		4F1C95E41ED667A50011293F /* Remind.m */ = {isa = PBXFileReference; fileEncoding = 4; lastKnownFileType = sourcecode.c.objc; name = Remind.m; path = ../Remind.m; sourceTree = "<group>"; };
		4F1C95E61ED673AE0011293F /* DetailViewController.h */ = {isa = PBXFileReference; fileEncoding = 4; lastKnownFileType = sourcecode.c.h; name = DetailViewController.h; path = ../DetailViewController.h; sourceTree = "<group>"; };
		4F1C95E71ED673AE0011293F /* DetailViewController.m */ = {isa = PBXFileReference; fileEncoding = 4; lastKnownFileType = sourcecode.c.objc; name = DetailViewController.m; path = ../DetailViewController.m; sourceTree = "<group>"; };
		4F20DD6C1EDEB87300C42FFB /* calendar.png */ = {isa = PBXFileReference; lastKnownFileType = image.png; path = calendar.png; sourceTree = "<group>"; };
		4F20DD6F1EDEC01200C42FFB /* cancel-button.png */ = {isa = PBXFileReference; lastKnownFileType = image.png; path = "cancel-button.png"; sourceTree = "<group>"; };
		4F20DD701EDEC01200C42FFB /* correct-button.png */ = {isa = PBXFileReference; lastKnownFileType = image.png; path = "correct-button.png"; sourceTree = "<group>"; };
		4F2594831EE016E800415736 /* circle.png */ = {isa = PBXFileReference; lastKnownFileType = image.png; path = circle.png; sourceTree = "<group>"; };
		4F2594851EE0331100415736 /* ImageButton.h */ = {isa = PBXFileReference; fileEncoding = 4; lastKnownFileType = sourcecode.c.h; name = ImageButton.h; path = ../ImageButton.h; sourceTree = "<group>"; };
		4F2594861EE0331100415736 /* ImageButton.m */ = {isa = PBXFileReference; fileEncoding = 4; lastKnownFileType = sourcecode.c.objc; name = ImageButton.m; path = ../ImageButton.m; sourceTree = "<group>"; };
		4FD8EB451ED6F6D800945125 /* DateViewController.h */ = {isa = PBXFileReference; fileEncoding = 4; lastKnownFileType = sourcecode.c.h; name = DateViewController.h; path = ../DateViewController.h; sourceTree = "<group>"; };
		4FD8EB461ED6F6D800945125 /* DateViewController.m */ = {isa = PBXFileReference; fileEncoding = 4; lastKnownFileType = sourcecode.c.objc; name = DateViewController.m; path = ../DateViewController.m; sourceTree = "<group>"; };
		9E8D5BC57864D172528D7E6B /* Pods-Remind_App_Test.release.xcconfig */ = {isa = PBXFileReference; includeInIndex = 1; lastKnownFileType = text.xcconfig; name = "Pods-Remind_App_Test.release.xcconfig"; path = "Pods/Target Support Files/Pods-Remind_App_Test/Pods-Remind_App_Test.release.xcconfig"; sourceTree = "<group>"; };
		A76159CA3EEC2EB5F9929470 /* Pods_Remind_App_Test.framework */ = {isa = PBXFileReference; explicitFileType = wrapper.framework; includeInIndex = 0; path = Pods_Remind_App_Test.framework; sourceTree = BUILT_PRODUCTS_DIR; };
		C24B9E19B662A264257E6829 /* Pods-Remind_App_Test.debug.xcconfig */ = {isa = PBXFileReference; includeInIndex = 1; lastKnownFileType = text.xcconfig; name = "Pods-Remind_App_Test.debug.xcconfig"; path = "Pods/Target Support Files/Pods-Remind_App_Test/Pods-Remind_App_Test.debug.xcconfig"; sourceTree = "<group>"; };
/* End PBXFileReference section */

/* Begin PBXFrameworksBuildPhase section */
		4F1C95BD1ED663E00011293F /* Frameworks */ = {
			isa = PBXFrameworksBuildPhase;
			buildActionMask = 2147483647;
			files = (
				EC30AE149524FD9A6568BDAF /* Pods_Remind_App_Test.framework in Frameworks */,
			);
			runOnlyForDeploymentPostprocessing = 0;
		};
/* End PBXFrameworksBuildPhase section */

/* Begin PBXGroup section */
		256240B89FC142CF1FE731BD /* Pods */ = {
			isa = PBXGroup;
			children = (
				C24B9E19B662A264257E6829 /* Pods-Remind_App_Test.debug.xcconfig */,
				9E8D5BC57864D172528D7E6B /* Pods-Remind_App_Test.release.xcconfig */,
			);
			name = Pods;
			sourceTree = "<group>";
		};
		4F1C95B71ED663E00011293F = {
			isa = PBXGroup;
			children = (
				4F1C95C21ED663E00011293F /* Remind_App_Test */,
				4F1C95C11ED663E00011293F /* Products */,
				256240B89FC142CF1FE731BD /* Pods */,
				597A6CF984BA8B397EFA3CED /* Frameworks */,
			);
			sourceTree = "<group>";
		};
		4F1C95C11ED663E00011293F /* Products */ = {
			isa = PBXGroup;
			children = (
				4F1C95C01ED663E00011293F /* Remind_App_Test.app */,
			);
			name = Products;
			sourceTree = "<group>";
		};
		4F1C95C21ED663E00011293F /* Remind_App_Test */ = {
			isa = PBXGroup;
			children = (
				4F1C95C61ED663E00011293F /* AppDelegate.h */,
				4F1C95C71ED663E00011293F /* AppDelegate.m */,
				4F1C95DD1ED6640A0011293F /* ListViewController.h */,
				4F1C95DE1ED6640A0011293F /* ListViewController.m */,
				4F1C95E61ED673AE0011293F /* DetailViewController.h */,
				4F1C95E71ED673AE0011293F /* DetailViewController.m */,
				4FD8EB451ED6F6D800945125 /* DateViewController.h */,
				4FD8EB461ED6F6D800945125 /* DateViewController.m */,
				4F1C95E01ED665A80011293F /* RemindTableViewCell.h */,
				4F1C95E11ED665A80011293F /* RemindTableViewCell.m */,
				4F1C95E31ED667A50011293F /* Remind.h */,
				4F1C95E41ED667A50011293F /* Remind.m */,
				4F2594851EE0331100415736 /* ImageButton.h */,
				4F2594861EE0331100415736 /* ImageButton.m */,
				4F1C95CC1ED663E00011293F /* Main.storyboard */,
				4F1C95D21ED663E00011293F /* Assets.xcassets */,
				4F1C95D41ED663E00011293F /* LaunchScreen.storyboard */,
				4F1C95D71ED663E00011293F /* Info.plist */,
				4F1C95CF1ED663E00011293F /* Remind_App_Test.xcdatamodeld */,
				4F1C95EB1ED6D3D60011293F /* Image */,
				4F1C95C31ED663E00011293F /* Supporting Files */,
			);
			path = Remind_App_Test;
			sourceTree = "<group>";
		};
		4F1C95C31ED663E00011293F /* Supporting Files */ = {
			isa = PBXGroup;
			children = (
				4F1C95C41ED663E00011293F /* main.m */,
			);
			name = "Supporting Files";
			sourceTree = "<group>";
		};
		4F1C95EB1ED6D3D60011293F /* Image */ = {
			isa = PBXGroup;
			children = (
				4F2594831EE016E800415736 /* circle.png */,
				4F20DD6F1EDEC01200C42FFB /* cancel-button.png */,
				4F20DD701EDEC01200C42FFB /* correct-button.png */,
				4F20DD6C1EDEB87300C42FFB /* calendar.png */,
			);
			name = Image;
			sourceTree = "<group>";
		};
		597A6CF984BA8B397EFA3CED /* Frameworks */ = {
			isa = PBXGroup;
			children = (
				A76159CA3EEC2EB5F9929470 /* Pods_Remind_App_Test.framework */,
			);
			name = Frameworks;
			sourceTree = "<group>";
		};
/* End PBXGroup section */

/* Begin PBXNativeTarget section */
		4F1C95BF1ED663E00011293F /* Remind_App_Test */ = {
			isa = PBXNativeTarget;
			buildConfigurationList = 4F1C95DA1ED663E00011293F /* Build configuration list for PBXNativeTarget "Remind_App_Test" */;
			buildPhases = (
				93BB44E2FC31F00DF3152127 /* [CP] Check Pods Manifest.lock */,
				4F1C95BC1ED663E00011293F /* Sources */,
				4F1C95BD1ED663E00011293F /* Frameworks */,
				4F1C95BE1ED663E00011293F /* Resources */,
				8F9E8319EF91CE3AAB60FA65 /* [CP] Embed Pods Frameworks */,
				3104F2FC16CA24E78394A89A /* [CP] Copy Pods Resources */,
			);
			buildRules = (
			);
			dependencies = (
			);
			name = Remind_App_Test;
			productName = Remind_App_Test;
			productReference = 4F1C95C01ED663E00011293F /* Remind_App_Test.app */;
			productType = "com.apple.product-type.application";
		};
/* End PBXNativeTarget section */

/* Begin PBXProject section */
		4F1C95B81ED663E00011293F /* Project object */ = {
			isa = PBXProject;
			attributes = {
				LastUpgradeCheck = 0830;
				ORGANIZATIONNAME = "陳禹佑";
				TargetAttributes = {
					4F1C95BF1ED663E00011293F = {
						CreatedOnToolsVersion = 8.3.2;
						DevelopmentTeam = DTU64B97KN;
						ProvisioningStyle = Automatic;
					};
				};
			};
			buildConfigurationList = 4F1C95BB1ED663E00011293F /* Build configuration list for PBXProject "Remind_App_Test" */;
			compatibilityVersion = "Xcode 3.2";
			developmentRegion = English;
			hasScannedForEncodings = 0;
			knownRegions = (
				en,
				Base,
			);
			mainGroup = 4F1C95B71ED663E00011293F;
			productRefGroup = 4F1C95C11ED663E00011293F /* Products */;
			projectDirPath = "";
			projectRoot = "";
			targets = (
				4F1C95BF1ED663E00011293F /* Remind_App_Test */,
			);
		};
/* End PBXProject section */

/* Begin PBXResourcesBuildPhase section */
		4F1C95BE1ED663E00011293F /* Resources */ = {
			isa = PBXResourcesBuildPhase;
			buildActionMask = 2147483647;
			files = (
				4F20DD721EDEC01200C42FFB /* correct-button.png in Resources */,
				4F20DD711EDEC01200C42FFB /* cancel-button.png in Resources */,
				4F1C95D61ED663E00011293F /* LaunchScreen.storyboard in Resources */,
				4F20DD6E1EDEB87300C42FFB /* calendar.png in Resources */,
				4F2594841EE016E800415736 /* circle.png in Resources */,
				4F1C95D31ED663E00011293F /* Assets.xcassets in Resources */,
				4F1C95CE1ED663E00011293F /* Main.storyboard in Resources */,
			);
			runOnlyForDeploymentPostprocessing = 0;
		};
/* End PBXResourcesBuildPhase section */

/* Begin PBXShellScriptBuildPhase section */
		3104F2FC16CA24E78394A89A /* [CP] Copy Pods Resources */ = {
			isa = PBXShellScriptBuildPhase;
			buildActionMask = 2147483647;
			files = (
			);
			inputPaths = (
			);
			name = "[CP] Copy Pods Resources";
			outputPaths = (
			);
			runOnlyForDeploymentPostprocessing = 0;
			shellPath = /bin/sh;
			shellScript = "\"${SRCROOT}/Pods/Target Support Files/Pods-Remind_App_Test/Pods-Remind_App_Test-resources.sh\"\n";
			showEnvVarsInLog = 0;
		};
		8F9E8319EF91CE3AAB60FA65 /* [CP] Embed Pods Frameworks */ = {
			isa = PBXShellScriptBuildPhase;
			buildActionMask = 2147483647;
			files = (
			);
			inputPaths = (
			);
			name = "[CP] Embed Pods Frameworks";
			outputPaths = (
			);
			runOnlyForDeploymentPostprocessing = 0;
			shellPath = /bin/sh;
			shellScript = "\"${SRCROOT}/Pods/Target Support Files/Pods-Remind_App_Test/Pods-Remind_App_Test-frameworks.sh\"\n";
			showEnvVarsInLog = 0;
		};
		93BB44E2FC31F00DF3152127 /* [CP] Check Pods Manifest.lock */ = {
			isa = PBXShellScriptBuildPhase;
			buildActionMask = 2147483647;
			files = (
			);
			inputPaths = (
			);
			name = "[CP] Check Pods Manifest.lock";
			outputPaths = (
			);
			runOnlyForDeploymentPostprocessing = 0;
			shellPath = /bin/sh;
			shellScript = "diff \"${PODS_ROOT}/../Podfile.lock\" \"${PODS_ROOT}/Manifest.lock\" > /dev/null\nif [ $? != 0 ] ; then\n    # print error to STDERR\n    echo \"error: The sandbox is not in sync with the Podfile.lock. Run 'pod install' or update your CocoaPods installation.\" >&2\n    exit 1\nfi\n";
			showEnvVarsInLog = 0;
		};
/* End PBXShellScriptBuildPhase section */

/* Begin PBXSourcesBuildPhase section */
		4F1C95BC1ED663E00011293F /* Sources */ = {
			isa = PBXSourcesBuildPhase;
			buildActionMask = 2147483647;
			files = (
				4F1C95E51ED667A50011293F /* Remind.m in Sources */,
				4F1C95C81ED663E00011293F /* AppDelegate.m in Sources */,
				4F1C95E21ED665A80011293F /* RemindTableViewCell.m in Sources */,
				4F1C95D11ED663E00011293F /* Remind_App_Test.xcdatamodeld in Sources */,
				4FD8EB471ED6F6D800945125 /* DateViewController.m in Sources */,
				4F1C95DF1ED6640A0011293F /* ListViewController.m in Sources */,
				4F2594871EE0331100415736 /* ImageButton.m in Sources */,
				4F1C95C51ED663E00011293F /* main.m in Sources */,
				4F1C95E81ED673AE0011293F /* DetailViewController.m in Sources */,
			);
			runOnlyForDeploymentPostprocessing = 0;
		};
/* End PBXSourcesBuildPhase section */

/* Begin PBXVariantGroup section */
		4F1C95CC1ED663E00011293F /* Main.storyboard */ = {
			isa = PBXVariantGroup;
			children = (
				4F1C95CD1ED663E00011293F /* Base */,
			);
			name = Main.storyboard;
			sourceTree = "<group>";
		};
		4F1C95D41ED663E00011293F /* LaunchScreen.storyboard */ = {
			isa = PBXVariantGroup;
			children = (
				4F1C95D51ED663E00011293F /* Base */,
			);
			name = LaunchScreen.storyboard;
			sourceTree = "<group>";
		};
/* End PBXVariantGroup section */

/* Begin XCBuildConfiguration section */
		4F1C95D81ED663E00011293F /* Debug */ = {
			isa = XCBuildConfiguration;
			buildSettings = {
				ALWAYS_SEARCH_USER_PATHS = NO;
				CLANG_ANALYZER_NONNULL = YES;
				CLANG_ANALYZER_NUMBER_OBJECT_CONVERSION = YES_AGGRESSIVE;
				CLANG_CXX_LANGUAGE_STANDARD = "gnu++0x";
				CLANG_CXX_LIBRARY = "libc++";
				CLANG_ENABLE_MODULES = YES;
				CLANG_ENABLE_OBJC_ARC = YES;
				CLANG_WARN_BOOL_CONVERSION = YES;
				CLANG_WARN_CONSTANT_CONVERSION = YES;
				CLANG_WARN_DIRECT_OBJC_ISA_USAGE = YES_ERROR;
				CLANG_WARN_DOCUMENTATION_COMMENTS = YES;
				CLANG_WARN_EMPTY_BODY = YES;
				CLANG_WARN_ENUM_CONVERSION = YES;
				CLANG_WARN_INFINITE_RECURSION = YES;
				CLANG_WARN_INT_CONVERSION = YES;
				CLANG_WARN_OBJC_ROOT_CLASS = YES_ERROR;
				CLANG_WARN_SUSPICIOUS_MOVE = YES;
				CLANG_WARN_UNREACHABLE_CODE = YES;
				CLANG_WARN__DUPLICATE_METHOD_MATCH = YES;
				"CODE_SIGN_IDENTITY[sdk=iphoneos*]" = "iPhone Developer";
				COPY_PHASE_STRIP = NO;
				DEBUG_INFORMATION_FORMAT = dwarf;
				ENABLE_STRICT_OBJC_MSGSEND = YES;
				ENABLE_TESTABILITY = YES;
				GCC_C_LANGUAGE_STANDARD = gnu99;
				GCC_DYNAMIC_NO_PIC = NO;
				GCC_NO_COMMON_BLOCKS = YES;
				GCC_OPTIMIZATION_LEVEL = 0;
				GCC_PREPROCESSOR_DEFINITIONS = (
					"DEBUG=1",
					"$(inherited)",
				);
				GCC_WARN_64_TO_32_BIT_CONVERSION = YES;
				GCC_WARN_ABOUT_RETURN_TYPE = YES_ERROR;
				GCC_WARN_UNDECLARED_SELECTOR = YES;
				GCC_WARN_UNINITIALIZED_AUTOS = YES_AGGRESSIVE;
				GCC_WARN_UNUSED_FUNCTION = YES;
				GCC_WARN_UNUSED_VARIABLE = YES;
				IPHONEOS_DEPLOYMENT_TARGET = 10.3;
				MTL_ENABLE_DEBUG_INFO = YES;
				ONLY_ACTIVE_ARCH = YES;
				SDKROOT = iphoneos;
				TARGETED_DEVICE_FAMILY = "1,2";
			};
			name = Debug;
		};
		4F1C95D91ED663E00011293F /* Release */ = {
			isa = XCBuildConfiguration;
			buildSettings = {
				ALWAYS_SEARCH_USER_PATHS = NO;
				CLANG_ANALYZER_NONNULL = YES;
				CLANG_ANALYZER_NUMBER_OBJECT_CONVERSION = YES_AGGRESSIVE;
				CLANG_CXX_LANGUAGE_STANDARD = "gnu++0x";
				CLANG_CXX_LIBRARY = "libc++";
				CLANG_ENABLE_MODULES = YES;
				CLANG_ENABLE_OBJC_ARC = YES;
				CLANG_WARN_BOOL_CONVERSION = YES;
				CLANG_WARN_CONSTANT_CONVERSION = YES;
				CLANG_WARN_DIRECT_OBJC_ISA_USAGE = YES_ERROR;
				CLANG_WARN_DOCUMENTATION_COMMENTS = YES;
				CLANG_WARN_EMPTY_BODY = YES;
				CLANG_WARN_ENUM_CONVERSION = YES;
				CLANG_WARN_INFINITE_RECURSION = YES;
				CLANG_WARN_INT_CONVERSION = YES;
				CLANG_WARN_OBJC_ROOT_CLASS = YES_ERROR;
				CLANG_WARN_SUSPICIOUS_MOVE = YES;
				CLANG_WARN_UNREACHABLE_CODE = YES;
				CLANG_WARN__DUPLICATE_METHOD_MATCH = YES;
				"CODE_SIGN_IDENTITY[sdk=iphoneos*]" = "iPhone Developer";
				COPY_PHASE_STRIP = NO;
				DEBUG_INFORMATION_FORMAT = "dwarf-with-dsym";
				ENABLE_NS_ASSERTIONS = NO;
				ENABLE_STRICT_OBJC_MSGSEND = YES;
				GCC_C_LANGUAGE_STANDARD = gnu99;
				GCC_NO_COMMON_BLOCKS = YES;
				GCC_WARN_64_TO_32_BIT_CONVERSION = YES;
				GCC_WARN_ABOUT_RETURN_TYPE = YES_ERROR;
				GCC_WARN_UNDECLARED_SELECTOR = YES;
				GCC_WARN_UNINITIALIZED_AUTOS = YES_AGGRESSIVE;
				GCC_WARN_UNUSED_FUNCTION = YES;
				GCC_WARN_UNUSED_VARIABLE = YES;
				IPHONEOS_DEPLOYMENT_TARGET = 10.3;
				MTL_ENABLE_DEBUG_INFO = NO;
				SDKROOT = iphoneos;
				TARGETED_DEVICE_FAMILY = "1,2";
				VALIDATE_PRODUCT = YES;
			};
			name = Release;
		};
		4F1C95DB1ED663E00011293F /* Debug */ = {
			isa = XCBuildConfiguration;
			baseConfigurationReference = C24B9E19B662A264257E6829 /* Pods-Remind_App_Test.debug.xcconfig */;
			buildSettings = {
				ASSETCATALOG_COMPILER_APPICON_NAME = AppIcon;
				DEVELOPMENT_TEAM = DTU64B97KN;
				INFOPLIST_FILE = Remind_App_Test/Info.plist;
				LD_RUNPATH_SEARCH_PATHS = "$(inherited) @executable_path/Frameworks";
				PRODUCT_BUNDLE_IDENTIFIER = "YuYu-chun.Remind-App-Test";
				PRODUCT_NAME = "$(TARGET_NAME)";
			};
			name = Debug;
		};
		4F1C95DC1ED663E00011293F /* Release */ = {
			isa = XCBuildConfiguration;
			baseConfigurationReference = 9E8D5BC57864D172528D7E6B /* Pods-Remind_App_Test.release.xcconfig */;
			buildSettings = {
				ASSETCATALOG_COMPILER_APPICON_NAME = AppIcon;
				DEVELOPMENT_TEAM = DTU64B97KN;
				INFOPLIST_FILE = Remind_App_Test/Info.plist;
				LD_RUNPATH_SEARCH_PATHS = "$(inherited) @executable_path/Frameworks";
				PRODUCT_BUNDLE_IDENTIFIER = "YuYu-chun.Remind-App-Test";
				PRODUCT_NAME = "$(TARGET_NAME)";
			};
			name = Release;
		};
/* End XCBuildConfiguration section */

/* Begin XCConfigurationList section */
		4F1C95BB1ED663E00011293F /* Build configuration list for PBXProject "Remind_App_Test" */ = {
			isa = XCConfigurationList;
			buildConfigurations = (
				4F1C95D81ED663E00011293F /* Debug */,
				4F1C95D91ED663E00011293F /* Release */,
			);
			defaultConfigurationIsVisible = 0;
			defaultConfigurationName = Release;
		};
		4F1C95DA1ED663E00011293F /* Build configuration list for PBXNativeTarget "Remind_App_Test" */ = {
			isa = XCConfigurationList;
			buildConfigurations = (
				4F1C95DB1ED663E00011293F /* Debug */,
				4F1C95DC1ED663E00011293F /* Release */,
			);
			defaultConfigurationIsVisible = 0;
			defaultConfigurationName = Release;
		};
/* End XCConfigurationList section */

/* Begin XCVersionGroup section */
		4F1C95CF1ED663E00011293F /* Remind_App_Test.xcdatamodeld */ = {
			isa = XCVersionGroup;
			children = (
				4F1C95D01ED663E00011293F /* Remind_App_Test.xcdatamodel */,
			);
			currentVersion = 4F1C95D01ED663E00011293F /* Remind_App_Test.xcdatamodel */;
			path = Remind_App_Test.xcdatamodeld;
			sourceTree = "<group>";
			versionGroupType = wrapper.xcdatamodel;
		};
/* End XCVersionGroup section */
	};
	rootObject = 4F1C95B81ED663E00011293F /* Project object */;
}
